
Microsoft Visual Studio Solution File, Format Version 12.00
# Visual Studio Version 17
VisualStudioVersion = 17.8.34330.188
MinimumVisualStudioVersion = 10.0.40219.1
Project("{13B669BE-BB05-4DDF-9536-439F39A36129}") = "FAQNira", "FAQNira.phpproj", "{60044FC1-A173-44FA-A82A-9881FD973C65}"
EndProject
Global
	GlobalSection(SolutionConfigurationPlatforms) = preSolution
		Debug|Any CPU = Debug|Any CPU
		Release|Any CPU = Release|Any CPU
	EndGlobalSection
	GlobalSection(ProjectConfigurationPlatforms) = postSolution
		{60044FC1-A173-44FA-A82A-9881FD973C65}.Debug|Any CPU.ActiveCfg = Debug|Any CPU
		{60044FC1-A173-44FA-A82A-9881FD973C65}.Debug|Any CPU.Build.0 = Debug|Any CPU
		{60044FC1-A173-44FA-A82A-9881FD973C65}.Release|Any CPU.ActiveCfg = Release|Any CPU
		{60044FC1-A173-44FA-A82A-9881FD973C65}.Release|Any CPU.Build.0 = Release|Any CPU
	EndGlobalSection
	GlobalSection(SolutionProperties) = preSolution
		HideSolutionNode = FALSE
	EndGlobalSection
	GlobalSection(ExtensibilityGlobals) = postSolution
		SolutionGuid = {F6DAF469-CBBC-4653-B982-296B1A3F9B8F}
	EndGlobalSection
EndGlobal
